
Microsoft Visual Studio Solution File, Format Version 12.00
# Visual Studio 15
VisualStudioVersion = 15.0.27130.2010
MinimumVisualStudioVersion = 10.0.40219.1
Project("{FAE04EC0-301F-11D3-BF4B-00C04F79EFBC}") = "MasterMindGame", "MasterMindGame\MasterMindGame.csproj", "{31910F80-298A-495B-BFD6-A70A61D2C69E}"
EndProject
Global
	GlobalSection(SolutionConfigurationPlatforms) = preSolution
		Debug|Any CPU = Debug|Any CPU
		Release|Any CPU = Release|Any CPU
	EndGlobalSection
	GlobalSection(ProjectConfigurationPlatforms) = postSolution
		{31910F80-298A-495B-BFD6-A70A61D2C69E}.Debug|Any CPU.ActiveCfg = Debug|Any CPU
		{31910F80-298A-495B-BFD6-A70A61D2C69E}.Debug|Any CPU.Build.0 = Debug|Any CPU
		{31910F80-298A-495B-BFD6-A70A61D2C69E}.Release|Any CPU.ActiveCfg = Release|Any CPU
		{31910F80-298A-495B-BFD6-A70A61D2C69E}.Release|Any CPU.Build.0 = Release|Any CPU
	EndGlobalSection
	GlobalSection(SolutionProperties) = preSolution
		HideSolutionNode = FALSE
	EndGlobalSection
	GlobalSection(ExtensibilityGlobals) = postSolution
		SolutionGuid = {8DF5B27F-78A1-43B1-8B29-4C1201DFA278}
	EndGlobalSection
EndGlobal
